Microsoft Visual Studio Solution File, Format Version 11.00
# Visual Studio 2008

Project("{2275DCA3-11A2-77D9-856F-D95752FE71C1}") = "SaveMyLife", "Assembly-CSharp.csproj", "{FEA4F877-FF42-0450-7B21-2BE817FDBF6C}"
EndProject
Global
	GlobalSection(SolutionConfigurationPlatforms) = preSolution
		Debug|Any CPU = Debug|Any CPU
		Release|Any CPU = Release|Any CPU
	EndGlobalSection
	GlobalSection(ProjectConfigurationPlatforms) = postSolution
		{FEA4F877-FF42-0450-7B21-2BE817FDBF6C}.Debug|Any CPU.ActiveCfg = Debug|Any CPU
		{FEA4F877-FF42-0450-7B21-2BE817FDBF6C}.Debug|Any CPU.Build.0 = Debug|Any CPU
		{FEA4F877-FF42-0450-7B21-2BE817FDBF6C}.Release|Any CPU.ActiveCfg = Release|Any CPU
		{FEA4F877-FF42-0450-7B21-2BE817FDBF6C}.Release|Any CPU.Build.0 = Release|Any CPU
	EndGlobalSection
	GlobalSection(SolutionProperties) = preSolution
		HideSolutionNode = FALSE
	EndGlobalSection
	GlobalSection(MonoDevelopProperties) = preSolution
		StartupItem = Assembly-CSharp.csproj
	EndGlobalSection
EndGlobal
